// !$*UTF8*$!
{
	archiveVersion = 1;
	classes = {
	};
	objectVersion = 50;
	objects = {

/* Begin PBXBuildFile section */
		130ECE122286EA84009DA305 /* AppDelegate.swift in Sources */ = {isa = PBXBuildFile; fileRef = 130ECE112286EA84009DA305 /* AppDelegate.swift */; };
		130ECE1B2286EA84009DA305 /* Main.storyboard in Resources */ = {isa = PBXBuildFile; fileRef = 130ECE192286EA84009DA305 /* Main.storyboard */; };
		130ECE1D2286EA86009DA305 /* Assets.xcassets in Resources */ = {isa = PBXBuildFile; fileRef = 130ECE1C2286EA86009DA305 /* Assets.xcassets */; };
		130ECE202286EA86009DA305 /* LaunchScreen.storyboard in Resources */ = {isa = PBXBuildFile; fileRef = 130ECE1E2286EA86009DA305 /* LaunchScreen.storyboard */; };
		130ECE3022870D1C009DA305 /* QuizViewModel.swift in Sources */ = {isa = PBXBuildFile; fileRef = 130ECE2F22870D1C009DA305 /* QuizViewModel.swift */; };
		133FA5C422995C9A00101456 /* Benefit.swift in Sources */ = {isa = PBXBuildFile; fileRef = 133FA5C322995C9A00101456 /* Benefit.swift */; };
		133FA5C622995D4800101456 /* Dependente.swift in Sources */ = {isa = PBXBuildFile; fileRef = 133FA5C522995D4800101456 /* Dependente.swift */; };
		133FA5C922996F1800101456 /* Model.xcdatamodeld in Sources */ = {isa = PBXBuildFile; fileRef = 133FA5C722996F1800101456 /* Model.xcdatamodeld */; };
		133FA5CD2299737B00101456 /* ModelController.swift in Sources */ = {isa = PBXBuildFile; fileRef = 133FA5CA2299737A00101456 /* ModelController.swift */; };
		133FA5CE2299737B00101456 /* RootViewController.swift in Sources */ = {isa = PBXBuildFile; fileRef = 133FA5CB2299737A00101456 /* RootViewController.swift */; };
		133FA5CF2299737B00101456 /* DataViewController.swift in Sources */ = {isa = PBXBuildFile; fileRef = 133FA5CC2299737B00101456 /* DataViewController.swift */; };
/* End PBXBuildFile section */

/* Begin PBXFileReference section */
		130ECE0E2286EA84009DA305 /* MyInsurer.app */ = {isa = PBXFileReference; explicitFileType = wrapper.application; includeInIndex = 0; path = MyInsurer.app; sourceTree = BUILT_PRODUCTS_DIR; };
		130ECE112286EA84009DA305 /* AppDelegate.swift */ = {isa = PBXFileReference; lastKnownFileType = sourcecode.swift; path = AppDelegate.swift; sourceTree = "<group>"; };
		130ECE1A2286EA84009DA305 /* Base */ = {isa = PBXFileReference; lastKnownFileType = file.storyboard; name = Base; path = Base.lproj/Main.storyboard; sourceTree = "<group>"; };
		130ECE1C2286EA86009DA305 /* Assets.xcassets */ = {isa = PBXFileReference; lastKnownFileType = folder.assetcatalog; path = Assets.xcassets; sourceTree = "<group>"; };
		130ECE1F2286EA86009DA305 /* Base */ = {isa = PBXFileReference; lastKnownFileType = file.storyboard; name = Base; path = Base.lproj/LaunchScreen.storyboard; sourceTree = "<group>"; };
		130ECE212286EA86009DA305 /* Info.plist */ = {isa = PBXFileReference; lastKnownFileType = text.plist.xml; path = Info.plist; sourceTree = "<group>"; };
		130ECE2F22870D1C009DA305 /* QuizViewModel.swift */ = {isa = PBXFileReference; lastKnownFileType = sourcecode.swift; path = QuizViewModel.swift; sourceTree = "<group>"; };
		133FA5C322995C9A00101456 /* Benefit.swift */ = {isa = PBXFileReference; lastKnownFileType = sourcecode.swift; path = Benefit.swift; sourceTree = "<group>"; };
		133FA5C522995D4800101456 /* Dependente.swift */ = {isa = PBXFileReference; lastKnownFileType = sourcecode.swift; path = Dependente.swift; sourceTree = "<group>"; };
		133FA5C822996F1800101456 /* Model.xcdatamodel */ = {isa = PBXFileReference; lastKnownFileType = wrapper.xcdatamodel; path = Model.xcdatamodel; sourceTree = "<group>"; };
		133FA5CA2299737A00101456 /* ModelController.swift */ = {isa = PBXFileReference; fileEncoding = 4; lastKnownFileType = sourcecode.swift; path = ModelController.swift; sourceTree = "<group>"; };
		133FA5CB2299737A00101456 /* RootViewController.swift */ = {isa = PBXFileReference; fileEncoding = 4; lastKnownFileType = sourcecode.swift; path = RootViewController.swift; sourceTree = "<group>"; };
		133FA5CC2299737B00101456 /* DataViewController.swift */ = {isa = PBXFileReference; fileEncoding = 4; lastKnownFileType = sourcecode.swift; path = DataViewController.swift; sourceTree = "<group>"; };
/* End PBXFileReference section */

/* Begin PBXFrameworksBuildPhase section */
		130ECE0B2286EA84009DA305 /* Frameworks */ = {
			isa = PBXFrameworksBuildPhase;
			buildActionMask = 2147483647;
			files = (
			);
			runOnlyForDeploymentPostprocessing = 0;
		};
/* End PBXFrameworksBuildPhase section */

/* Begin PBXGroup section */
		130ECE052286EA84009DA305 = {
			isa = PBXGroup;
			children = (
				130ECE102286EA84009DA305 /* MyInsurer */,
				130ECE0F2286EA84009DA305 /* Products */,
			);
			sourceTree = "<group>";
		};
		130ECE0F2286EA84009DA305 /* Products */ = {
			isa = PBXGroup;
			children = (
				130ECE0E2286EA84009DA305 /* MyInsurer.app */,
			);
			name = Products;
			sourceTree = "<group>";
		};
		130ECE102286EA84009DA305 /* MyInsurer */ = {
			isa = PBXGroup;
			children = (
				130ECE3122870D3B009DA305 /* Model */,
				130ECE2E22870CC1009DA305 /* ModelView */,
				130ECE2D22870CB0009DA305 /* View */,
				130ECE2922870B51009DA305 /* Controller */,
				130ECE212286EA86009DA305 /* Info.plist */,
				133FA5C722996F1800101456 /* Model.xcdatamodeld */,
			);
			path = MyInsurer;
			sourceTree = "<group>";
		};
		130ECE2922870B51009DA305 /* Controller */ = {
			isa = PBXGroup;
			children = (
				133FA5CC2299737B00101456 /* DataViewController.swift */,
				133FA5CA2299737A00101456 /* ModelController.swift */,
				133FA5CB2299737A00101456 /* RootViewController.swift */,
				130ECE112286EA84009DA305 /* AppDelegate.swift */,
			);
			path = Controller;
			sourceTree = "<group>";
		};
		130ECE2D22870CB0009DA305 /* View */ = {
			isa = PBXGroup;
			children = (
				130ECE192286EA84009DA305 /* Main.storyboard */,
				130ECE1C2286EA86009DA305 /* Assets.xcassets */,
				130ECE1E2286EA86009DA305 /* LaunchScreen.storyboard */,
			);
			path = View;
			sourceTree = "<group>";
		};
		130ECE2E22870CC1009DA305 /* ModelView */ = {
			isa = PBXGroup;
			children = (
				130ECE2F22870D1C009DA305 /* QuizViewModel.swift */,
			);
			path = ModelView;
			sourceTree = "<group>";
		};
		130ECE3122870D3B009DA305 /* Model */ = {
			isa = PBXGroup;
			children = (
				133FA5C322995C9A00101456 /* Benefit.swift */,
				133FA5C522995D4800101456 /* Dependente.swift */,
			);
			path = Model;
			sourceTree = "<group>";
		};
/* End PBXGroup section */

/* Begin PBXNativeTarget section */
		130ECE0D2286EA84009DA305 /* MyInsurer */ = {
			isa = PBXNativeTarget;
			buildConfigurationList = 130ECE242286EA86009DA305 /* Build configuration list for PBXNativeTarget "MyInsurer" */;
			buildPhases = (
				130ECE0A2286EA84009DA305 /* Sources */,
				130ECE0B2286EA84009DA305 /* Frameworks */,
				130ECE0C2286EA84009DA305 /* Resources */,
			);
			buildRules = (
			);
			dependencies = (
			);
			name = MyInsurer;
			productName = MyInsurer;
			productReference = 130ECE0E2286EA84009DA305 /* MyInsurer.app */;
			productType = "com.apple.product-type.application";
		};
/* End PBXNativeTarget section */

/* Begin PBXProject section */
		130ECE062286EA84009DA305 /* Project object */ = {
			isa = PBXProject;
			attributes = {
				LastSwiftUpdateCheck = 1010;
				LastUpgradeCheck = 1010;
				ORGANIZATIONNAME = PUCPR;
				TargetAttributes = {
					130ECE0D2286EA84009DA305 = {
						CreatedOnToolsVersion = 10.1;
					};
				};
			};
			buildConfigurationList = 130ECE092286EA84009DA305 /* Build configuration list for PBXProject "MyInsurer" */;
			compatibilityVersion = "Xcode 9.3";
			developmentRegion = en;
			hasScannedForEncodings = 0;
			knownRegions = (
				en,
				Base,
			);
			mainGroup = 130ECE052286EA84009DA305;
			productRefGroup = 130ECE0F2286EA84009DA305 /* Products */;
			projectDirPath = "";
			projectRoot = "";
			targets = (
				130ECE0D2286EA84009DA305 /* MyInsurer */,
			);
		};
/* End PBXProject section */

/* Begin PBXResourcesBuildPhase section */
		130ECE0C2286EA84009DA305 /* Resources */ = {
			isa = PBXResourcesBuildPhase;
			buildActionMask = 2147483647;
			files = (
				130ECE202286EA86009DA305 /* LaunchScreen.storyboard in Resources */,
				130ECE1D2286EA86009DA305 /* Assets.xcassets in Resources */,
				130ECE1B2286EA84009DA305 /* Main.storyboard in Resources */,
			);
			runOnlyForDeploymentPostprocessing = 0;
		};
/* End PBXResourcesBuildPhase section */

/* Begin PBXSourcesBuildPhase section */
		130ECE0A2286EA84009DA305 /* Sources */ = {
			isa = PBXSourcesBuildPhase;
			buildActionMask = 2147483647;
			files = (
				130ECE3022870D1C009DA305 /* QuizViewModel.swift in Sources */,
				133FA5C422995C9A00101456 /* Benefit.swift in Sources */,
				133FA5C922996F1800101456 /* Model.xcdatamodeld in Sources */,
				133FA5CE2299737B00101456 /* RootViewController.swift in Sources */,
				133FA5CF2299737B00101456 /* DataViewController.swift in Sources */,
				133FA5CD2299737B00101456 /* ModelController.swift in Sources */,
				133FA5C622995D4800101456 /* Dependente.swift in Sources */,
				130ECE122286EA84009DA305 /* AppDelegate.swift in Sources */,
			);
			runOnlyForDeploymentPostprocessing = 0;
		};
/* End PBXSourcesBuildPhase section */

/* Begin PBXVariantGroup section */
		130ECE192286EA84009DA305 /* Main.storyboard */ = {
			isa = PBXVariantGroup;
			children = (
				130ECE1A2286EA84009DA305 /* Base */,
			);
			name = Main.storyboard;
			sourceTree = "<group>";
		};
		130ECE1E2286EA86009DA305 /* LaunchScreen.storyboard */ = {
			isa = PBXVariantGroup;
			children = (
				130ECE1F2286EA86009DA305 /* Base */,
			);
			name = LaunchScreen.storyboard;
			sourceTree = "<group>";
		};
/* End PBXVariantGroup section */

/* Begin XCBuildConfiguration section */
		130ECE222286EA86009DA305 /* Debug */ = {
			isa = XCBuildConfiguration;
			buildSettings = {
				ALWAYS_SEARCH_USER_PATHS = NO;
				CLANG_ANALYZER_NONNULL = YES;
				CLANG_ANALYZER_NUMBER_OBJECT_CONVERSION = YES_AGGRESSIVE;
				CLANG_CXX_LANGUAGE_STANDARD = "gnu++14";
				CLANG_CXX_LIBRARY = "libc++";
				CLANG_ENABLE_MODULES = YES;
				CLANG_ENABLE_OBJC_ARC = YES;
				CLANG_ENABLE_OBJC_WEAK = YES;
				CLANG_WARN_BLOCK_CAPTURE_AUTORELEASING = YES;
				CLANG_WARN_BOOL_CONVERSION = YES;
				CLANG_WARN_COMMA = YES;
				CLANG_WARN_CONSTANT_CONVERSION = YES;
				CLANG_WARN_DEPRECATED_OBJC_IMPLEMENTATIONS = YES;
				CLANG_WARN_DIRECT_OBJC_ISA_USAGE = YES_ERROR;
				CLANG_WARN_DOCUMENTATION_COMMENTS = YES;
				CLANG_WARN_EMPTY_BODY = YES;
				CLANG_WARN_ENUM_CONVERSION = YES;
				CLANG_WARN_INFINITE_RECURSION = YES;
				CLANG_WARN_INT_CONVERSION = YES;
				CLANG_WARN_NON_LITERAL_NULL_CONVERSION = YES;
				CLANG_WARN_OBJC_IMPLICIT_RETAIN_SELF = YES;
				CLANG_WARN_OBJC_LITERAL_CONVERSION = YES;
				CLANG_WARN_OBJC_ROOT_CLASS = YES_ERROR;
				CLANG_WARN_RANGE_LOOP_ANALYSIS = YES;
				CLANG_WARN_STRICT_PROTOTYPES = YES;
				CLANG_WARN_SUSPICIOUS_MOVE = YES;
				CLANG_WARN_UNGUARDED_AVAILABILITY = YES_AGGRESSIVE;
				CLANG_WARN_UNREACHABLE_CODE = YES;
				CLANG_WARN__DUPLICATE_METHOD_MATCH = YES;
				CODE_SIGN_IDENTITY = "iPhone Developer";
				COPY_PHASE_STRIP = NO;
				DEBUG_INFORMATION_FORMAT = dwarf;
				ENABLE_STRICT_OBJC_MSGSEND = YES;
				ENABLE_TESTABILITY = YES;
				GCC_C_LANGUAGE_STANDARD = gnu11;
				GCC_DYNAMIC_NO_PIC = NO;
				GCC_NO_COMMON_BLOCKS = YES;
				GCC_OPTIMIZATION_LEVEL = 0;
				GCC_PREPROCESSOR_DEFINITIONS = (
					"DEBUG=1",
					"$(inherited)",
				);
				GCC_WARN_64_TO_32_BIT_CONVERSION = YES;
				GCC_WARN_ABOUT_RETURN_TYPE = YES_ERROR;
				GCC_WARN_UNDECLARED_SELECTOR = YES;
				GCC_WARN_UNINITIALIZED_AUTOS = YES_AGGRESSIVE;
				GCC_WARN_UNUSED_FUNCTION = YES;
				GCC_WARN_UNUSED_VARIABLE = YES;
				IPHONEOS_DEPLOYMENT_TARGET = 12.1;
				MTL_ENABLE_DEBUG_INFO = INCLUDE_SOURCE;
				MTL_FAST_MATH = YES;
				ONLY_ACTIVE_ARCH = YES;
				SDKROOT = iphoneos;
				SWIFT_ACTIVE_COMPILATION_CONDITIONS = DEBUG;
				SWIFT_OPTIMIZATION_LEVEL = "-Onone";
			};
			name = Debug;
		};
		130ECE232286EA86009DA305 /* Release */ = {
			isa = XCBuildConfiguration;
			buildSettings = {
				ALWAYS_SEARCH_USER_PATHS = NO;
				CLANG_ANALYZER_NONNULL = YES;
				CLANG_ANALYZER_NUMBER_OBJECT_CONVERSION = YES_AGGRESSIVE;
				CLANG_CXX_LANGUAGE_STANDARD = "gnu++14";
				CLANG_CXX_LIBRARY = "libc++";
				CLANG_ENABLE_MODULES = YES;
				CLANG_ENABLE_OBJC_ARC = YES;
				CLANG_ENABLE_OBJC_WEAK = YES;
				CLANG_WARN_BLOCK_CAPTURE_AUTORELEASING = YES;
				CLANG_WARN_BOOL_CONVERSION = YES;
				CLANG_WARN_COMMA = YES;
				CLANG_WARN_CONSTANT_CONVERSION = YES;
				CLANG_WARN_DEPRECATED_OBJC_IMPLEMENTATIONS = YES;
				CLANG_WARN_DIRECT_OBJC_ISA_USAGE = YES_ERROR;
				CLANG_WARN_DOCUMENTATION_COMMENTS = YES;
				CLANG_WARN_EMPTY_BODY = YES;
				CLANG_WARN_ENUM_CONVERSION = YES;
				CLANG_WARN_INFINITE_RECURSION = YES;
				CLANG_WARN_INT_CONVERSION = YES;
				CLANG_WARN_NON_LITERAL_NULL_CONVERSION = YES;
				CLANG_WARN_OBJC_IMPLICIT_RETAIN_SELF = YES;
				CLANG_WARN_OBJC_LITERAL_CONVERSION = YES;
				CLANG_WARN_OBJC_ROOT_CLASS = YES_ERROR;
				CLANG_WARN_RANGE_LOOP_ANALYSIS = YES;
				CLANG_WARN_STRICT_PROTOTYPES = YES;
				CLANG_WARN_SUSPICIOUS_MOVE = YES;
				CLANG_WARN_UNGUARDED_AVAILABILITY = YES_AGGRESSIVE;
				CLANG_WARN_UNREACHABLE_CODE = YES;
				CLANG_WARN__DUPLICATE_METHOD_MATCH = YES;
				CODE_SIGN_IDENTITY = "iPhone Developer";
				COPY_PHASE_STRIP = NO;
				DEBUG_INFORMATION_FORMAT = "dwarf-with-dsym";
				ENABLE_NS_ASSERTIONS = NO;
				ENABLE_STRICT_OBJC_MSGSEND = YES;
				GCC_C_LANGUAGE_STANDARD = gnu11;
				GCC_NO_COMMON_BLOCKS = YES;
				GCC_WARN_64_TO_32_BIT_CONVERSION = YES;
				GCC_WARN_ABOUT_RETURN_TYPE = YES_ERROR;
				GCC_WARN_UNDECLARED_SELECTOR = YES;
				GCC_WARN_UNINITIALIZED_AUTOS = YES_AGGRESSIVE;
				GCC_WARN_UNUSED_FUNCTION = YES;
				GCC_WARN_UNUSED_VARIABLE = YES;
				IPHONEOS_DEPLOYMENT_TARGET = 12.1;
				MTL_ENABLE_DEBUG_INFO = NO;
				MTL_FAST_MATH = YES;
				SDKROOT = iphoneos;
				SWIFT_COMPILATION_MODE = wholemodule;
				SWIFT_OPTIMIZATION_LEVEL = "-O";
				VALIDATE_PRODUCT = YES;
			};
			name = Release;
		};
		130ECE252286EA86009DA305 /* Debug */ = {
			isa = XCBuildConfiguration;
			buildSettings = {
				ASSETCATALOG_COMPILER_APPICON_NAME = AppIcon;
				CODE_SIGN_STYLE = Automatic;
				INFOPLIST_FILE = MyInsurer/Info.plist;
				LD_RUNPATH_SEARCH_PATHS = (
					"$(inherited)",
					"@executable_path/Frameworks",
				);
				PRODUCT_BUNDLE_IDENTIFIER = br.pucpr.MyInsurer;
				PRODUCT_NAME = "$(TARGET_NAME)";
				SWIFT_VERSION = 4.2;
				TARGETED_DEVICE_FAMILY = "1,2";
			};
			name = Debug;
		};
		130ECE262286EA86009DA305 /* Release */ = {
			isa = XCBuildConfiguration;
			buildSettings = {
				ASSETCATALOG_COMPILER_APPICON_NAME = AppIcon;
				CODE_SIGN_STYLE = Automatic;
				INFOPLIST_FILE = MyInsurer/Info.plist;
				LD_RUNPATH_SEARCH_PATHS = (
					"$(inherited)",
					"@executable_path/Frameworks",
				);
				PRODUCT_BUNDLE_IDENTIFIER = br.pucpr.MyInsurer;
				PRODUCT_NAME = "$(TARGET_NAME)";
				SWIFT_VERSION = 4.2;
				TARGETED_DEVICE_FAMILY = "1,2";
			};
			name = Release;
		};
/* End XCBuildConfiguration section */

/* Begin XCConfigurationList section */
		130ECE092286EA84009DA305 /* Build configuration list for PBXProject "MyInsurer" */ = {
			isa = XCConfigurationList;
			buildConfigurations = (
				130ECE222286EA86009DA305 /* Debug */,
				130ECE232286EA86009DA305 /* Release */,
			);
			defaultConfigurationIsVisible = 0;
			defaultConfigurationName = Release;
		};
		130ECE242286EA86009DA305 /* Build configuration list for PBXNativeTarget "MyInsurer" */ = {
			isa = XCConfigurationList;
			buildConfigurations = (
				130ECE252286EA86009DA305 /* Debug */,
				130ECE262286EA86009DA305 /* Release */,
			);
			defaultConfigurationIsVisible = 0;
			defaultConfigurationName = Release;
		};
/* End XCConfigurationList section */

/* Begin XCVersionGroup section */
		133FA5C722996F1800101456 /* Model.xcdatamodeld */ = {
			isa = XCVersionGroup;
			children = (
				133FA5C822996F1800101456 /* Model.xcdatamodel */,
			);
			currentVersion = 133FA5C822996F1800101456 /* Model.xcdatamodel */;
			path = Model.xcdatamodeld;
			sourceTree = "<group>";
			versionGroupType = wrapper.xcdatamodel;
		};
/* End XCVersionGroup section */
	};
	rootObject = 130ECE062286EA84009DA305 /* Project object */;
}
